
Microsoft Visual Studio Solution File, Format Version 12.00
# Visual Studio Version 16
VisualStudioVersion = 25.0.1706.14
MinimumVisualStudioVersion = 10.0.40219.1
Project("{FAE04EC0-301F-11D3-BF4B-00C04F79EFBC}") = "1", "1\1.csproj", "{3E6B812D-D7EF-4BE6-A101-90B2B310FE2B}"
EndProject
Global
	GlobalSection(SolutionConfigurationPlatforms) = preSolution
		Debug|Any CPU = Debug|Any CPU
		Release|Any CPU = Release|Any CPU
	EndGlobalSection
	GlobalSection(ProjectConfigurationPlatforms) = postSolution
		{3E6B812D-D7EF-4BE6-A101-90B2B310FE2B}.Debug|Any CPU.ActiveCfg = Debug|Any CPU
		{3E6B812D-D7EF-4BE6-A101-90B2B310FE2B}.Debug|Any CPU.Build.0 = Debug|Any CPU
		{3E6B812D-D7EF-4BE6-A101-90B2B310FE2B}.Release|Any CPU.ActiveCfg = Release|Any CPU
		{3E6B812D-D7EF-4BE6-A101-90B2B310FE2B}.Release|Any CPU.Build.0 = Release|Any CPU
	EndGlobalSection
	GlobalSection(SolutionProperties) = preSolution
		HideSolutionNode = FALSE
	EndGlobalSection
	GlobalSection(ExtensibilityGlobals) = postSolution
		SolutionGuid = {77EACF98-63B4-42D6-864F-D80465E00B31}
	EndGlobalSection
EndGlobal
