
Microsoft Visual Studio Solution File, Format Version 12.00
# Visual Studio Version 16
VisualStudioVersion = 25.0.1706.14
MinimumVisualStudioVersion = 10.0.40219.1
Project("{FAE04EC0-301F-11D3-BF4B-00C04F79EFBC}") = "1", "1\1.csproj", "{8ADAD788-4E29-4007-957E-55DDA99923C5}"
EndProject
Global
	GlobalSection(SolutionConfigurationPlatforms) = preSolution
		Debug|Any CPU = Debug|Any CPU
		Release|Any CPU = Release|Any CPU
	EndGlobalSection
	GlobalSection(ProjectConfigurationPlatforms) = postSolution
		{8ADAD788-4E29-4007-957E-55DDA99923C5}.Debug|Any CPU.ActiveCfg = Debug|Any CPU
		{8ADAD788-4E29-4007-957E-55DDA99923C5}.Debug|Any CPU.Build.0 = Debug|Any CPU
		{8ADAD788-4E29-4007-957E-55DDA99923C5}.Release|Any CPU.ActiveCfg = Release|Any CPU
		{8ADAD788-4E29-4007-957E-55DDA99923C5}.Release|Any CPU.Build.0 = Release|Any CPU
	EndGlobalSection
	GlobalSection(SolutionProperties) = preSolution
		HideSolutionNode = FALSE
	EndGlobalSection
	GlobalSection(ExtensibilityGlobals) = postSolution
		SolutionGuid = {52EC0038-5DC9-452B-9DF7-19F44935136A}
	EndGlobalSection
EndGlobal
