
Microsoft Visual Studio Solution File, Format Version 12.00
# Visual Studio Version 16
VisualStudioVersion = 25.0.1706.14
MinimumVisualStudioVersion = 10.0.40219.1
Project("{FAE04EC0-301F-11D3-BF4B-00C04F79EFBC}") = "1", "1\1.csproj", "{ECBB6DC2-682C-4AD1-9B19-15E3D0B43A13}"
EndProject
Global
	GlobalSection(SolutionConfigurationPlatforms) = preSolution
		Debug|Any CPU = Debug|Any CPU
		Release|Any CPU = Release|Any CPU
	EndGlobalSection
	GlobalSection(ProjectConfigurationPlatforms) = postSolution
		{ECBB6DC2-682C-4AD1-9B19-15E3D0B43A13}.Debug|Any CPU.ActiveCfg = Debug|Any CPU
		{ECBB6DC2-682C-4AD1-9B19-15E3D0B43A13}.Debug|Any CPU.Build.0 = Debug|Any CPU
		{ECBB6DC2-682C-4AD1-9B19-15E3D0B43A13}.Release|Any CPU.ActiveCfg = Release|Any CPU
		{ECBB6DC2-682C-4AD1-9B19-15E3D0B43A13}.Release|Any CPU.Build.0 = Release|Any CPU
	EndGlobalSection
	GlobalSection(SolutionProperties) = preSolution
		HideSolutionNode = FALSE
	EndGlobalSection
	GlobalSection(ExtensibilityGlobals) = postSolution
		SolutionGuid = {F962803A-1DFB-41D6-9092-24D5868E184F}
	EndGlobalSection
EndGlobal
