
Microsoft Visual Studio Solution File, Format Version 12.00
# Visual Studio Version 16
VisualStudioVersion = 25.0.1706.14
MinimumVisualStudioVersion = 10.0.40219.1
Project("{FAE04EC0-301F-11D3-BF4B-00C04F79EFBC}") = "1", "1.csproj", "{82E24F16-6B2C-4141-B375-80E87F3C3DF4}"
EndProject
Global
	GlobalSection(SolutionConfigurationPlatforms) = preSolution
		Debug|Any CPU = Debug|Any CPU
		Release|Any CPU = Release|Any CPU
	EndGlobalSection
	GlobalSection(ProjectConfigurationPlatforms) = postSolution
		{82E24F16-6B2C-4141-B375-80E87F3C3DF4}.Debug|Any CPU.ActiveCfg = Debug|Any CPU
		{82E24F16-6B2C-4141-B375-80E87F3C3DF4}.Debug|Any CPU.Build.0 = Debug|Any CPU
		{82E24F16-6B2C-4141-B375-80E87F3C3DF4}.Release|Any CPU.ActiveCfg = Release|Any CPU
		{82E24F16-6B2C-4141-B375-80E87F3C3DF4}.Release|Any CPU.Build.0 = Release|Any CPU
	EndGlobalSection
	GlobalSection(SolutionProperties) = preSolution
		HideSolutionNode = FALSE
	EndGlobalSection
	GlobalSection(ExtensibilityGlobals) = postSolution
		SolutionGuid = {ABD97219-455A-4DBD-B52C-F9D4ABA53743}
	EndGlobalSection
EndGlobal
