
Microsoft Visual Studio Solution File, Format Version 12.00
# Visual Studio Version 16
VisualStudioVersion = 25.0.1706.14
MinimumVisualStudioVersion = 10.0.40219.1
Project("{FAE04EC0-301F-11D3-BF4B-00C04F79EFBC}") = "1", "1\1.csproj", "{2DDDC04B-24BA-4427-B72A-3ABC86EC55C4}"
EndProject
Global
	GlobalSection(SolutionConfigurationPlatforms) = preSolution
		Debug|Any CPU = Debug|Any CPU
		Release|Any CPU = Release|Any CPU
	EndGlobalSection
	GlobalSection(ProjectConfigurationPlatforms) = postSolution
		{2DDDC04B-24BA-4427-B72A-3ABC86EC55C4}.Debug|Any CPU.ActiveCfg = Debug|Any CPU
		{2DDDC04B-24BA-4427-B72A-3ABC86EC55C4}.Debug|Any CPU.Build.0 = Debug|Any CPU
		{2DDDC04B-24BA-4427-B72A-3ABC86EC55C4}.Release|Any CPU.ActiveCfg = Release|Any CPU
		{2DDDC04B-24BA-4427-B72A-3ABC86EC55C4}.Release|Any CPU.Build.0 = Release|Any CPU
	EndGlobalSection
	GlobalSection(SolutionProperties) = preSolution
		HideSolutionNode = FALSE
	EndGlobalSection
	GlobalSection(ExtensibilityGlobals) = postSolution
		SolutionGuid = {9D8027B1-EF88-4B80-AA4C-CAF30C87B50D}
	EndGlobalSection
EndGlobal
